PODS:
  - Alamofire (5.4.0)
  - FlagKit (2.2)
  - KeychainSwift (19.0.0)
  - lottie-ios (3.1.9)
  - ReachabilitySwift (5.0.0)

DEPENDENCIES:
  - Alamofire
  - FlagKit
  - KeychainSwift
  - lottie-ios
  - ReachabilitySwift

SPEC REPOS:
  https://github.com/CocoaPods/Specs.git:
    - Alamofire
    - FlagKit
    - KeychainSwift
    - lottie-ios
    - ReachabilitySwift

SPEC CHECKSUMS:
  Alamofire: 3b6a534a3df22db367e4dedeeca73d1ddfcf0e2f
  FlagKit: eca7dc89064b0c986302ba9acefad1bf80a435b1
  KeychainSwift: a06190cf933ad46b1e0abc3d77d29c06331715c7
  lottie-ios: 3a3758ef5a008e762faec9c9d50a39842f26d124
  ReachabilitySwift: 985039c6f7b23a1da463388634119492ff86c825

PODFILE CHECKSUM: 3075a84136d3a2d8fde2aeecdc0d0c5147e0306f

COCOAPODS: 1.9.1
