PODS:
  - Alamofire (5.0.5)
  - FlagKit (2.2)
  - KeychainSwift (19.0.0)
  - lottie-ios (3.1.6)
  - ReachabilitySwift (5.0.0)

DEPENDENCIES:
  - Alamofire
  - FlagKit
  - KeychainSwift
  - lottie-ios
  - ReachabilitySwift

SPEC REPOS:
  https://github.com/CocoaPods/Specs.git:
    - Alamofire
    - FlagKit
    - KeychainSwift
    - lottie-ios
    - ReachabilitySwift

SPEC CHECKSUMS:
  Alamofire: df2f8f826963b08b9a870791ad48e07a10090b2e
  FlagKit: eca7dc89064b0c986302ba9acefad1bf80a435b1
  KeychainSwift: a06190cf933ad46b1e0abc3d77d29c06331715c7
  lottie-ios: 85ce835dd8c53e02509f20729fc7d6a4e6645a0a
  ReachabilitySwift: 985039c6f7b23a1da463388634119492ff86c825

PODFILE CHECKSUM: 5c536190b2facfc3f56594f2313066237ffac6ab

COCOAPODS: 1.9.1
